{
  "lockfile_version": "1",
  "packages": {
    "github:NixOS/nixpkgs/nixpkgs-unstable": {
      "last_modified": "2025-06-06T12:35:49Z",
      "resolved": "github:NixOS/nixpkgs/a4ff0e3c64846abea89662bfbacf037ef4b34207?lastModified=1749213349&narHash=sha256-UAaWOyQhdp7nXzsbmLVC67fo%2BQetzoTm9hsPf9X3yr4%3D"
    },
    "go@1.27.0": {
      "last_modified": "2026-08-27T07:16:00Z",
      "resolved": "github:NixOS/nixpkgs/c27cdad491a991b11ed731760aa2ef8db0cb0410#go_1_27",
      "source": "devbox-search",
      "version": "1.27.0",
      "systems": {
        "aarch64-darwin": {
          "outputs": [
            {
              "name": "out",
              "path": "/nix/store/lz3qw52rpazqga73xgsqlj4qz1lgs4hg-go-1.27.0",
              "default": true
            }
          ],
          "store_path": "/nix/store/lz3qw52rpazqga73xgsqlj4qz1lgs4hg-go-1.27.0"
        },
        "aarch64-linux": {
          "outputs": [
            {
              "name": "out",
              "path": "/nix/store/zqjvg5805xkf6zsd8nrdvgbv58yw2phr-go-1.27.0",
              "default": true
            }
          ],
          "store_path": "/nix/store/zqjvg5805xkf6zsd8nrdvgbv58yw2phr-go-1.27.0"
        },
        "x86_64-linux": {
          "outputs": [
            {
              "name": "out",
              "path": "/nix/store/fibbp1k5gcpaxcin4dzk70yd056rfjhg-go-1.27.0",
              "default": true
            }
          ],
          "store_path": "/nix/store/fibbp1k5gcpaxcin4dzk70yd056rfjhg-go-1.27.0"
        }
      }
    },
    "gotools": {
      "resolved": "github:NixOS/nixpkgs/a4ff0e3c64846abea89662bfbacf037ef4b34207?narHash=sha256-UAaWOyQhdp7nXzsbmLVC67fo%2BQetzoTm9hsPf9X3yr4%3D#gotools",
      "source": "nixpkg",
      "systems": {
        "aarch64-darwin": {
          "outputs": [
            {
              "path": "/nix/store/v49s92vkzahl43dixhna6rj83dqsplps-gotools-0.30.0",
              "default": true
            }
          ]
        },
        "x86_64-linux": {
          "outputs": [
            {
              "path": "/tmp/containerbase/cache/nix/store/v302h5jngkpxqb8npn2p1d4h0ir2balj-gotools-0.30.0",
              "default": true
            }
          ]
        }
      }
    }
  }
}
